// !$*UTF8*$!
{
	archiveVersion = 1;
	classes = {
	};
	objectVersion = 50;
	objects = {

/* Begin PBXBuildFile section */
		D022EEA02400DB7500B54E2F /* main.m in Sources */ = {isa = PBXBuildFile; fileRef = D022EE9F2400DB7500B54E2F /* main.m */; };
		D022EEA62400F53F00B54E2F /* Gun.m in Sources */ = {isa = PBXBuildFile; fileRef = D022EEA52400F53F00B54E2F /* Gun.m */; };
		D022EEA92401052100B54E2F /* Person.m in Sources */ = {isa = PBXBuildFile; fileRef = D022EEA82401052100B54E2F /* Person.m */; };
		D022EEAC24010FF500B54E2F /* IPhone.m in Sources */ = {isa = PBXBuildFile; fileRef = D022EEAA24010FF500B54E2F /* IPhone.m */; };
		D022EEB424012A3D00B54E2F /* main.m in Sources */ = {isa = PBXBuildFile; fileRef = D022EEB324012A3D00B54E2F /* main.m */; };
		D022EEBA24012A4A00B54E2F /* Phone.m in Sources */ = {isa = PBXBuildFile; fileRef = D022EEB924012A4A00B54E2F /* Phone.m */; };
		D022EEBD24012A5800B54E2F /* IPhone.m in Sources */ = {isa = PBXBuildFile; fileRef = D022EEBC24012A5800B54E2F /* IPhone.m */; };
		D022EEC024012A6900B54E2F /* AndroidPhone.m in Sources */ = {isa = PBXBuildFile; fileRef = D022EEBF24012A6900B54E2F /* AndroidPhone.m */; };
		D022EEC3240148EE00B54E2F /* Cat.m in Sources */ = {isa = PBXBuildFile; fileRef = D022EEC2240148EE00B54E2F /* Cat.m */; };
		D022EEC6240148F800B54E2F /* Dog.m in Sources */ = {isa = PBXBuildFile; fileRef = D022EEC5240148F800B54E2F /* Dog.m */; };
		D022EEC924014C2600B54E2F /* Animal.m in Sources */ = {isa = PBXBuildFile; fileRef = D022EEC824014C2600B54E2F /* Animal.m */; };
		D022EECC2401546700B54E2F /* Person.m in Sources */ = {isa = PBXBuildFile; fileRef = D022EECB2401546700B54E2F /* Person.m */; };
		D022EED424016A4F00B54E2F /* main.m in Sources */ = {isa = PBXBuildFile; fileRef = D022EED324016A4F00B54E2F /* main.m */; };
		D08AB710240269EB002FBB33 /* Person.m in Sources */ = {isa = PBXBuildFile; fileRef = D08AB70F240269EB002FBB33 /* Person.m */; };
		D08AB713240279CD002FBB33 /* Animal.m in Sources */ = {isa = PBXBuildFile; fileRef = D08AB712240279CD002FBB33 /* Animal.m */; };
		D08AB71624028655002FBB33 /* Cat.m in Sources */ = {isa = PBXBuildFile; fileRef = D08AB71524028655002FBB33 /* Cat.m */; };
		D08AB7192402BDD5002FBB33 /* Student.m in Sources */ = {isa = PBXBuildFile; fileRef = D08AB7182402BDD5002FBB33 /* Student.m */; };
		D08AB7242402D37D002FBB33 /* main.m in Sources */ = {isa = PBXBuildFile; fileRef = D08AB7232402D37D002FBB33 /* main.m */; };
		D08AB72A2402D389002FBB33 /* Person.m in Sources */ = {isa = PBXBuildFile; fileRef = D08AB7292402D389002FBB33 /* Person.m */; };
		D08AB72D2402D396002FBB33 /* Student.m in Sources */ = {isa = PBXBuildFile; fileRef = D08AB72C2402D396002FBB33 /* Student.m */; };
		D0A4EF0524001A15007C3C7F /* MyClass.m in Sources */ = {isa = PBXBuildFile; fileRef = D0A4EF0424001A15007C3C7F /* MyClass.m */; };
		D0CE918423FF82200032C186 /* Person.m in Sources */ = {isa = PBXBuildFile; fileRef = D0CE918023FF82200032C186 /* Person.m */; };
		D0CE918523FF82200032C186 /* main.m in Sources */ = {isa = PBXBuildFile; fileRef = D0CE918123FF82200032C186 /* main.m */; };
		D0CE918623FF82200032C186 /* test.c in Sources */ = {isa = PBXBuildFile; fileRef = D0CE918223FF82200032C186 /* test.c */; };
		D0CE918723FF82200032C186 /* FirstClass.m in Sources */ = {isa = PBXBuildFile; fileRef = D0CE918323FF82200032C186 /* FirstClass.m */; };
		D0CE918F23FFA3EC0032C186 /* main.m in Sources */ = {isa = PBXBuildFile; fileRef = D0CE918E23FFA3EC0032C186 /* main.m */; };
		D0CE919523FFDF180032C186 /* Student.m in Sources */ = {isa = PBXBuildFile; fileRef = D0CE919423FFDF180032C186 /* Student.m */; };
		D0CE9198240000890032C186 /* Soldier.m in Sources */ = {isa = PBXBuildFile; fileRef = D0CE9197240000890032C186 /* Soldier.m */; };
		D0CE919B240003E10032C186 /* Gun.m in Sources */ = {isa = PBXBuildFile; fileRef = D0CE919A240003E10032C186 /* Gun.m */; };
		D0CE919E24000CE50032C186 /* Clip.m in Sources */ = {isa = PBXBuildFile; fileRef = D0CE919D24000CE50032C186 /* Clip.m */; };
		D0CE91A124000FE80032C186 /* Shop.m in Sources */ = {isa = PBXBuildFile; fileRef = D0CE91A024000FE80032C186 /* Shop.m */; };
/* End PBXBuildFile section */

/* Begin PBXCopyFilesBuildPhase section */
		D022EE9B2400DB7500B54E2F /* CopyFiles */ = {
			isa = PBXCopyFilesBuildPhase;
			buildActionMask = 2147483647;
			dstPath = /usr/share/man/man1/;
			dstSubfolderSpec = 0;
			files = (
			);
			runOnlyForDeploymentPostprocessing = 1;
		};
		D022EEAF24012A3D00B54E2F /* CopyFiles */ = {
			isa = PBXCopyFilesBuildPhase;
			buildActionMask = 2147483647;
			dstPath = /usr/share/man/man1/;
			dstSubfolderSpec = 0;
			files = (
			);
			runOnlyForDeploymentPostprocessing = 1;
		};
		D022EECF24016A4F00B54E2F /* CopyFiles */ = {
			isa = PBXCopyFilesBuildPhase;
			buildActionMask = 2147483647;
			dstPath = /usr/share/man/man1/;
			dstSubfolderSpec = 0;
			files = (
			);
			runOnlyForDeploymentPostprocessing = 1;
		};
		D08AB71F2402D37D002FBB33 /* CopyFiles */ = {
			isa = PBXCopyFilesBuildPhase;
			buildActionMask = 2147483647;
			dstPath = /usr/share/man/man1/;
			dstSubfolderSpec = 0;
			files = (
			);
			runOnlyForDeploymentPostprocessing = 1;
		};
		D0CE916723FF81B30032C186 /* CopyFiles */ = {
			isa = PBXCopyFilesBuildPhase;
			buildActionMask = 2147483647;
			dstPath = /usr/share/man/man1/;
			dstSubfolderSpec = 0;
			files = (
			);
			runOnlyForDeploymentPostprocessing = 1;
		};
		D0CE918A23FFA3EC0032C186 /* CopyFiles */ = {
			isa = PBXCopyFilesBuildPhase;
			buildActionMask = 2147483647;
			dstPath = /usr/share/man/man1/;
			dstSubfolderSpec = 0;
			files = (
			);
			runOnlyForDeploymentPostprocessing = 1;
		};
/* End PBXCopyFilesBuildPhase section */

/* Begin PBXFileReference section */
		D022EE9D2400DB7500B54E2F /* day03 */ = {isa = PBXFileReference; explicitFileType = "compiled.mach-o.executable"; includeInIndex = 0; path = day03; sourceTree = BUILT_PRODUCTS_DIR; };
		D022EE9F2400DB7500B54E2F /* main.m */ = {isa = PBXFileReference; fileEncoding = 4; lastKnownFileType = sourcecode.c.objc; path = main.m; sourceTree = "<group>"; usesTabs = 0; };
		D022EEA42400F53F00B54E2F /* Gun.h */ = {isa = PBXFileReference; lastKnownFileType = sourcecode.c.h; path = Gun.h; sourceTree = "<group>"; };
		D022EEA52400F53F00B54E2F /* Gun.m */ = {isa = PBXFileReference; lastKnownFileType = sourcecode.c.objc; path = Gun.m; sourceTree = "<group>"; };
		D022EEA72401052100B54E2F /* Person.h */ = {isa = PBXFileReference; lastKnownFileType = sourcecode.c.h; path = Person.h; sourceTree = "<group>"; };
		D022EEA82401052100B54E2F /* Person.m */ = {isa = PBXFileReference; lastKnownFileType = sourcecode.c.objc; path = Person.m; sourceTree = "<group>"; };
		D022EEAA24010FF500B54E2F /* IPhone.m */ = {isa = PBXFileReference; fileEncoding = 4; lastKnownFileType = sourcecode.c.objc; path = IPhone.m; sourceTree = "<group>"; };
		D022EEAB24010FF500B54E2F /* IPhone.h */ = {isa = PBXFileReference; fileEncoding = 4; lastKnownFileType = sourcecode.c.h; path = IPhone.h; sourceTree = "<group>"; };
		D022EEB124012A3D00B54E2F /* day03-extend */ = {isa = PBXFileReference; explicitFileType = "compiled.mach-o.executable"; includeInIndex = 0; path = "day03-extend"; sourceTree = BUILT_PRODUCTS_DIR; };
		D022EEB324012A3D00B54E2F /* main.m */ = {isa = PBXFileReference; lastKnownFileType = sourcecode.c.objc; path = main.m; sourceTree = "<group>"; };
		D022EEB824012A4A00B54E2F /* Phone.h */ = {isa = PBXFileReference; lastKnownFileType = sourcecode.c.h; path = Phone.h; sourceTree = "<group>"; };
		D022EEB924012A4A00B54E2F /* Phone.m */ = {isa = PBXFileReference; lastKnownFileType = sourcecode.c.objc; path = Phone.m; sourceTree = "<group>"; };
		D022EEBB24012A5800B54E2F /* IPhone.h */ = {isa = PBXFileReference; lastKnownFileType = sourcecode.c.h; path = IPhone.h; sourceTree = "<group>"; };
		D022EEBC24012A5800B54E2F /* IPhone.m */ = {isa = PBXFileReference; lastKnownFileType = sourcecode.c.objc; path = IPhone.m; sourceTree = "<group>"; };
		D022EEBE24012A6900B54E2F /* AndroidPhone.h */ = {isa = PBXFileReference; lastKnownFileType = sourcecode.c.h; path = AndroidPhone.h; sourceTree = "<group>"; };
		D022EEBF24012A6900B54E2F /* AndroidPhone.m */ = {isa = PBXFileReference; lastKnownFileType = sourcecode.c.objc; path = AndroidPhone.m; sourceTree = "<group>"; };
		D022EEC1240148EE00B54E2F /* Cat.h */ = {isa = PBXFileReference; lastKnownFileType = sourcecode.c.h; path = Cat.h; sourceTree = "<group>"; };
		D022EEC2240148EE00B54E2F /* Cat.m */ = {isa = PBXFileReference; lastKnownFileType = sourcecode.c.objc; path = Cat.m; sourceTree = "<group>"; };
		D022EEC4240148F800B54E2F /* Dog.h */ = {isa = PBXFileReference; lastKnownFileType = sourcecode.c.h; path = Dog.h; sourceTree = "<group>"; };
		D022EEC5240148F800B54E2F /* Dog.m */ = {isa = PBXFileReference; lastKnownFileType = sourcecode.c.objc; path = Dog.m; sourceTree = "<group>"; };
		D022EEC724014C2600B54E2F /* Animal.h */ = {isa = PBXFileReference; lastKnownFileType = sourcecode.c.h; path = Animal.h; sourceTree = "<group>"; };
		D022EEC824014C2600B54E2F /* Animal.m */ = {isa = PBXFileReference; lastKnownFileType = sourcecode.c.objc; path = Animal.m; sourceTree = "<group>"; };
		D022EECA2401546700B54E2F /* Person.h */ = {isa = PBXFileReference; lastKnownFileType = sourcecode.c.h; path = Person.h; sourceTree = "<group>"; };
		D022EECB2401546700B54E2F /* Person.m */ = {isa = PBXFileReference; lastKnownFileType = sourcecode.c.objc; path = Person.m; sourceTree = "<group>"; };
		D022EED124016A4F00B54E2F /* day04 */ = {isa = PBXFileReference; explicitFileType = "compiled.mach-o.executable"; includeInIndex = 0; path = day04; sourceTree = BUILT_PRODUCTS_DIR; };
		D022EED324016A4F00B54E2F /* main.m */ = {isa = PBXFileReference; lastKnownFileType = sourcecode.c.objc; path = main.m; sourceTree = "<group>"; };
		D08AB70E240269EB002FBB33 /* Person.h */ = {isa = PBXFileReference; lastKnownFileType = sourcecode.c.h; path = Person.h; sourceTree = "<group>"; };
		D08AB70F240269EB002FBB33 /* Person.m */ = {isa = PBXFileReference; lastKnownFileType = sourcecode.c.objc; path = Person.m; sourceTree = "<group>"; };
		D08AB711240279CD002FBB33 /* Animal.h */ = {isa = PBXFileReference; lastKnownFileType = sourcecode.c.h; path = Animal.h; sourceTree = "<group>"; };
		D08AB712240279CD002FBB33 /* Animal.m */ = {isa = PBXFileReference; lastKnownFileType = sourcecode.c.objc; path = Animal.m; sourceTree = "<group>"; };
		D08AB71424028655002FBB33 /* Cat.h */ = {isa = PBXFileReference; lastKnownFileType = sourcecode.c.h; path = Cat.h; sourceTree = "<group>"; };
		D08AB71524028655002FBB33 /* Cat.m */ = {isa = PBXFileReference; lastKnownFileType = sourcecode.c.objc; path = Cat.m; sourceTree = "<group>"; };
		D08AB7172402BDD5002FBB33 /* Student.h */ = {isa = PBXFileReference; lastKnownFileType = sourcecode.c.h; path = Student.h; sourceTree = "<group>"; };
		D08AB7182402BDD5002FBB33 /* Student.m */ = {isa = PBXFileReference; lastKnownFileType = sourcecode.c.objc; path = Student.m; sourceTree = "<group>"; };
		D08AB7212402D37D002FBB33 /* day04-class-factory */ = {isa = PBXFileReference; explicitFileType = "compiled.mach-o.executable"; includeInIndex = 0; path = "day04-class-factory"; sourceTree = BUILT_PRODUCTS_DIR; };
		D08AB7232402D37D002FBB33 /* main.m */ = {isa = PBXFileReference; lastKnownFileType = sourcecode.c.objc; path = main.m; sourceTree = "<group>"; };
		D08AB7282402D389002FBB33 /* Person.h */ = {isa = PBXFileReference; lastKnownFileType = sourcecode.c.h; path = Person.h; sourceTree = "<group>"; };
		D08AB7292402D389002FBB33 /* Person.m */ = {isa = PBXFileReference; lastKnownFileType = sourcecode.c.objc; path = Person.m; sourceTree = "<group>"; };
		D08AB72B2402D396002FBB33 /* Student.h */ = {isa = PBXFileReference; lastKnownFileType = sourcecode.c.h; path = Student.h; sourceTree = "<group>"; };
		D08AB72C2402D396002FBB33 /* Student.m */ = {isa = PBXFileReference; lastKnownFileType = sourcecode.c.objc; path = Student.m; sourceTree = "<group>"; };
		D0A4EF0324001A15007C3C7F /* MyClass.h */ = {isa = PBXFileReference; lastKnownFileType = sourcecode.c.h; path = MyClass.h; sourceTree = "<group>"; };
		D0A4EF0424001A15007C3C7F /* MyClass.m */ = {isa = PBXFileReference; lastKnownFileType = sourcecode.c.objc; path = MyClass.m; sourceTree = "<group>"; };
		D0CE916923FF81B30032C186 /* day01 */ = {isa = PBXFileReference; explicitFileType = "compiled.mach-o.executable"; includeInIndex = 0; path = day01; sourceTree = BUILT_PRODUCTS_DIR; };
		D0CE917D23FF82200032C186 /* Person.h */ = {isa = PBXFileReference; fileEncoding = 4; lastKnownFileType = sourcecode.c.h; path = Person.h; sourceTree = "<group>"; };
		D0CE917E23FF82200032C186 /* FirstClass.h */ = {isa = PBXFileReference; fileEncoding = 4; lastKnownFileType = sourcecode.c.h; path = FirstClass.h; sourceTree = "<group>"; };
		D0CE917F23FF82200032C186 /* test.h */ = {isa = PBXFileReference; fileEncoding = 4; lastKnownFileType = sourcecode.c.h; path = test.h; sourceTree = "<group>"; };
		D0CE918023FF82200032C186 /* Person.m */ = {isa = PBXFileReference; fileEncoding = 4; lastKnownFileType = sourcecode.c.objc; path = Person.m; sourceTree = "<group>"; };
		D0CE918123FF82200032C186 /* main.m */ = {isa = PBXFileReference; fileEncoding = 4; lastKnownFileType = sourcecode.c.objc; path = main.m; sourceTree = "<group>"; };
		D0CE918223FF82200032C186 /* test.c */ = {isa = PBXFileReference; fileEncoding = 4; lastKnownFileType = sourcecode.c.c; path = test.c; sourceTree = "<group>"; };
		D0CE918323FF82200032C186 /* FirstClass.m */ = {isa = PBXFileReference; fileEncoding = 4; lastKnownFileType = sourcecode.c.objc; path = FirstClass.m; sourceTree = "<group>"; };
		D0CE918C23FFA3EC0032C186 /* day02 */ = {isa = PBXFileReference; explicitFileType = "compiled.mach-o.executable"; includeInIndex = 0; path = day02; sourceTree = BUILT_PRODUCTS_DIR; };
		D0CE918E23FFA3EC0032C186 /* main.m */ = {isa = PBXFileReference; lastKnownFileType = sourcecode.c.objc; path = main.m; sourceTree = "<group>"; };
		D0CE919323FFDF090032C186 /* Student.h */ = {isa = PBXFileReference; lastKnownFileType = sourcecode.c.h; path = Student.h; sourceTree = "<group>"; };
		D0CE919423FFDF180032C186 /* Student.m */ = {isa = PBXFileReference; lastKnownFileType = sourcecode.c.objc; path = Student.m; sourceTree = "<group>"; };
		D0CE9196240000790032C186 /* Soldier.h */ = {isa = PBXFileReference; lastKnownFileType = sourcecode.c.h; path = Soldier.h; sourceTree = "<group>"; };
		D0CE9197240000890032C186 /* Soldier.m */ = {isa = PBXFileReference; lastKnownFileType = sourcecode.c.objc; path = Soldier.m; sourceTree = "<group>"; };
		D0CE9199240003D70032C186 /* Gun.h */ = {isa = PBXFileReference; lastKnownFileType = sourcecode.c.h; path = Gun.h; sourceTree = "<group>"; };
		D0CE919A240003E10032C186 /* Gun.m */ = {isa = PBXFileReference; lastKnownFileType = sourcecode.c.objc; path = Gun.m; sourceTree = "<group>"; };
		D0CE919C24000CAA0032C186 /* Clip.h */ = {isa = PBXFileReference; lastKnownFileType = sourcecode.c.h; path = Clip.h; sourceTree = "<group>"; };
		D0CE919D24000CE50032C186 /* Clip.m */ = {isa = PBXFileReference; lastKnownFileType = sourcecode.c.objc; path = Clip.m; sourceTree = "<group>"; };
		D0CE919F24000FDD0032C186 /* Shop.h */ = {isa = PBXFileReference; lastKnownFileType = sourcecode.c.h; path = Shop.h; sourceTree = "<group>"; };
		D0CE91A024000FE80032C186 /* Shop.m */ = {isa = PBXFileReference; lastKnownFileType = sourcecode.c.objc; path = Shop.m; sourceTree = "<group>"; };
/* End PBXFileReference section */

/* Begin PBXFrameworksBuildPhase section */
		D022EE9A2400DB7500B54E2F /* Frameworks */ = {
			isa = PBXFrameworksBuildPhase;
			buildActionMask = 2147483647;
			files = (
			);
			runOnlyForDeploymentPostprocessing = 0;
		};
		D022EEAE24012A3D00B54E2F /* Frameworks */ = {
			isa = PBXFrameworksBuildPhase;
			buildActionMask = 2147483647;
			files = (
			);
			runOnlyForDeploymentPostprocessing = 0;
		};
		D022EECE24016A4F00B54E2F /* Frameworks */ = {
			isa = PBXFrameworksBuildPhase;
			buildActionMask = 2147483647;
			files = (
			);
			runOnlyForDeploymentPostprocessing = 0;
		};
		D08AB71E2402D37D002FBB33 /* Frameworks */ = {
			isa = PBXFrameworksBuildPhase;
			buildActionMask = 2147483647;
			files = (
			);
			runOnlyForDeploymentPostprocessing = 0;
		};
		D0CE916623FF81B30032C186 /* Frameworks */ = {
			isa = PBXFrameworksBuildPhase;
			buildActionMask = 2147483647;
			files = (
			);
			runOnlyForDeploymentPostprocessing = 0;
		};
		D0CE918923FFA3EC0032C186 /* Frameworks */ = {
			isa = PBXFrameworksBuildPhase;
			buildActionMask = 2147483647;
			files = (
			);
			runOnlyForDeploymentPostprocessing = 0;
		};
/* End PBXFrameworksBuildPhase section */

/* Begin PBXGroup section */
		D0118BB723FE799800E8E6DE = {
			isa = PBXGroup;
			children = (
				D0CE917C23FF82200032C186 /* day01 */,
				D0CE918D23FFA3EC0032C186 /* day02 */,
				D022EE9E2400DB7500B54E2F /* day03 */,
				D022EEB224012A3D00B54E2F /* day03-extend */,
				D022EED224016A4F00B54E2F /* day04 */,
				D08AB7222402D37D002FBB33 /* day04-class-factory */,
				D0118BC123FE799800E8E6DE /* Products */,
			);
			sourceTree = "<group>";
		};
		D0118BC123FE799800E8E6DE /* Products */ = {
			isa = PBXGroup;
			children = (
				D0CE916923FF81B30032C186 /* day01 */,
				D0CE918C23FFA3EC0032C186 /* day02 */,
				D022EE9D2400DB7500B54E2F /* day03 */,
				D022EEB124012A3D00B54E2F /* day03-extend */,
				D022EED124016A4F00B54E2F /* day04 */,
				D08AB7212402D37D002FBB33 /* day04-class-factory */,
			);
			name = Products;
			sourceTree = "<group>";
		};
		D022EE9E2400DB7500B54E2F /* day03 */ = {
			isa = PBXGroup;
			children = (
				D022EEAB24010FF500B54E2F /* IPhone.h */,
				D022EEAA24010FF500B54E2F /* IPhone.m */,
				D022EE9F2400DB7500B54E2F /* main.m */,
				D022EEA42400F53F00B54E2F /* Gun.h */,
				D022EEA52400F53F00B54E2F /* Gun.m */,
				D022EEA72401052100B54E2F /* Person.h */,
				D022EEA82401052100B54E2F /* Person.m */,
			);
			path = day03;
			sourceTree = "<group>";
		};
		D022EEB224012A3D00B54E2F /* day03-extend */ = {
			isa = PBXGroup;
			children = (
				D022EEB324012A3D00B54E2F /* main.m */,
				D022EEB824012A4A00B54E2F /* Phone.h */,
				D022EEB924012A4A00B54E2F /* Phone.m */,
				D022EEBB24012A5800B54E2F /* IPhone.h */,
				D022EEBC24012A5800B54E2F /* IPhone.m */,
				D022EEBE24012A6900B54E2F /* AndroidPhone.h */,
				D022EEBF24012A6900B54E2F /* AndroidPhone.m */,
				D022EEC1240148EE00B54E2F /* Cat.h */,
				D022EEC2240148EE00B54E2F /* Cat.m */,
				D022EEC4240148F800B54E2F /* Dog.h */,
				D022EEC5240148F800B54E2F /* Dog.m */,
				D022EEC724014C2600B54E2F /* Animal.h */,
				D022EEC824014C2600B54E2F /* Animal.m */,
				D022EECA2401546700B54E2F /* Person.h */,
				D022EECB2401546700B54E2F /* Person.m */,
			);
			path = "day03-extend";
			sourceTree = "<group>";
		};
		D022EED224016A4F00B54E2F /* day04 */ = {
			isa = PBXGroup;
			children = (
				D022EED324016A4F00B54E2F /* main.m */,
				D08AB70E240269EB002FBB33 /* Person.h */,
				D08AB70F240269EB002FBB33 /* Person.m */,
				D08AB711240279CD002FBB33 /* Animal.h */,
				D08AB712240279CD002FBB33 /* Animal.m */,
				D08AB71424028655002FBB33 /* Cat.h */,
				D08AB71524028655002FBB33 /* Cat.m */,
				D08AB7172402BDD5002FBB33 /* Student.h */,
				D08AB7182402BDD5002FBB33 /* Student.m */,
			);
			path = day04;
			sourceTree = "<group>";
		};
		D08AB7222402D37D002FBB33 /* day04-class-factory */ = {
			isa = PBXGroup;
			children = (
				D08AB7232402D37D002FBB33 /* main.m */,
				D08AB7282402D389002FBB33 /* Person.h */,
				D08AB7292402D389002FBB33 /* Person.m */,
				D08AB72B2402D396002FBB33 /* Student.h */,
				D08AB72C2402D396002FBB33 /* Student.m */,
			);
			path = "day04-class-factory";
			sourceTree = "<group>";
		};
		D0CE917C23FF82200032C186 /* day01 */ = {
			isa = PBXGroup;
			children = (
				D0CE917D23FF82200032C186 /* Person.h */,
				D0CE917E23FF82200032C186 /* FirstClass.h */,
				D0CE917F23FF82200032C186 /* test.h */,
				D0CE918023FF82200032C186 /* Person.m */,
				D0CE918123FF82200032C186 /* main.m */,
				D0CE918223FF82200032C186 /* test.c */,
				D0CE918323FF82200032C186 /* FirstClass.m */,
			);
			path = day01;
			sourceTree = "<group>";
		};
		D0CE918D23FFA3EC0032C186 /* day02 */ = {
			isa = PBXGroup;
			children = (
				D0CE918E23FFA3EC0032C186 /* main.m */,
				D0CE919323FFDF090032C186 /* Student.h */,
				D0CE919423FFDF180032C186 /* Student.m */,
				D0CE9196240000790032C186 /* Soldier.h */,
				D0CE9197240000890032C186 /* Soldier.m */,
				D0CE9199240003D70032C186 /* Gun.h */,
				D0CE919A240003E10032C186 /* Gun.m */,
				D0CE919C24000CAA0032C186 /* Clip.h */,
				D0CE919D24000CE50032C186 /* Clip.m */,
				D0CE919F24000FDD0032C186 /* Shop.h */,
				D0CE91A024000FE80032C186 /* Shop.m */,
				D0A4EF0324001A15007C3C7F /* MyClass.h */,
				D0A4EF0424001A15007C3C7F /* MyClass.m */,
			);
			path = day02;
			sourceTree = "<group>";
		};
/* End PBXGroup section */

/* Begin PBXNativeTarget section */
		D022EE9C2400DB7500B54E2F /* day03 */ = {
			isa = PBXNativeTarget;
			buildConfigurationList = D022EEA32400DB7500B54E2F /* Build configuration list for PBXNativeTarget "day03" */;
			buildPhases = (
				D022EE992400DB7500B54E2F /* Sources */,
				D022EE9A2400DB7500B54E2F /* Frameworks */,
				D022EE9B2400DB7500B54E2F /* CopyFiles */,
			);
			buildRules = (
			);
			dependencies = (
			);
			name = day03;
			productName = day03;
			productReference = D022EE9D2400DB7500B54E2F /* day03 */;
			productType = "com.apple.product-type.tool";
		};
		D022EEB024012A3D00B54E2F /* day03-extend */ = {
			isa = PBXNativeTarget;
			buildConfigurationList = D022EEB524012A3D00B54E2F /* Build configuration list for PBXNativeTarget "day03-extend" */;
			buildPhases = (
				D022EEAD24012A3D00B54E2F /* Sources */,
				D022EEAE24012A3D00B54E2F /* Frameworks */,
				D022EEAF24012A3D00B54E2F /* CopyFiles */,
			);
			buildRules = (
			);
			dependencies = (
			);
			name = "day03-extend";
			productName = "day03-extend";
			productReference = D022EEB124012A3D00B54E2F /* day03-extend */;
			productType = "com.apple.product-type.tool";
		};
		D022EED024016A4F00B54E2F /* day04 */ = {
			isa = PBXNativeTarget;
			buildConfigurationList = D022EED724016A4F00B54E2F /* Build configuration list for PBXNativeTarget "day04" */;
			buildPhases = (
				D022EECD24016A4F00B54E2F /* Sources */,
				D022EECE24016A4F00B54E2F /* Frameworks */,
				D022EECF24016A4F00B54E2F /* CopyFiles */,
			);
			buildRules = (
			);
			dependencies = (
			);
			name = day04;
			productName = day04;
			productReference = D022EED124016A4F00B54E2F /* day04 */;
			productType = "com.apple.product-type.tool";
		};
		D08AB7202402D37D002FBB33 /* day04-class-factory */ = {
			isa = PBXNativeTarget;
			buildConfigurationList = D08AB7252402D37D002FBB33 /* Build configuration list for PBXNativeTarget "day04-class-factory" */;
			buildPhases = (
				D08AB71D2402D37D002FBB33 /* Sources */,
				D08AB71E2402D37D002FBB33 /* Frameworks */,
				D08AB71F2402D37D002FBB33 /* CopyFiles */,
			);
			buildRules = (
			);
			dependencies = (
			);
			name = "day04-class-factory";
			productName = "day04-class-factory";
			productReference = D08AB7212402D37D002FBB33 /* day04-class-factory */;
			productType = "com.apple.product-type.tool";
		};
		D0CE916823FF81B30032C186 /* day01 */ = {
			isa = PBXNativeTarget;
			buildConfigurationList = D0CE916D23FF81B30032C186 /* Build configuration list for PBXNativeTarget "day01" */;
			buildPhases = (
				D0CE916523FF81B30032C186 /* Sources */,
				D0CE916623FF81B30032C186 /* Frameworks */,
				D0CE916723FF81B30032C186 /* CopyFiles */,
			);
			buildRules = (
			);
			dependencies = (
			);
			name = day01;
			productName = day01;
			productReference = D0CE916923FF81B30032C186 /* day01 */;
			productType = "com.apple.product-type.tool";
		};
		D0CE918B23FFA3EC0032C186 /* day02 */ = {
			isa = PBXNativeTarget;
			buildConfigurationList = D0CE919223FFA3EC0032C186 /* Build configuration list for PBXNativeTarget "day02" */;
			buildPhases = (
				D0CE918823FFA3EC0032C186 /* Sources */,
				D0CE918923FFA3EC0032C186 /* Frameworks */,
				D0CE918A23FFA3EC0032C186 /* CopyFiles */,
			);
			buildRules = (
			);
			dependencies = (
			);
			name = day02;
			productName = day02;
			productReference = D0CE918C23FFA3EC0032C186 /* day02 */;
			productType = "com.apple.product-type.tool";
		};
/* End PBXNativeTarget section */

/* Begin PBXProject section */
		D0118BB823FE799800E8E6DE /* Project object */ = {
			isa = PBXProject;
			attributes = {
				LastUpgradeCheck = 1130;
				ORGANIZATIONNAME = "Phoenix Fate";
				TargetAttributes = {
					D022EE9C2400DB7500B54E2F = {
						CreatedOnToolsVersion = 11.3.1;
					};
					D022EEB024012A3D00B54E2F = {
						CreatedOnToolsVersion = 11.3.1;
					};
					D022EED024016A4F00B54E2F = {
						CreatedOnToolsVersion = 11.3.1;
					};
					D08AB7202402D37D002FBB33 = {
						CreatedOnToolsVersion = 11.3.1;
					};
					D0CE916823FF81B30032C186 = {
						CreatedOnToolsVersion = 11.3.1;
					};
					D0CE918B23FFA3EC0032C186 = {
						CreatedOnToolsVersion = 11.3.1;
					};
				};
			};
			buildConfigurationList = D0118BBB23FE799800E8E6DE /* Build configuration list for PBXProject "ios-xiaomage-01-oc" */;
			compatibilityVersion = "Xcode 9.3";
			developmentRegion = en;
			hasScannedForEncodings = 0;
			knownRegions = (
				en,
				Base,
			);
			mainGroup = D0118BB723FE799800E8E6DE;
			productRefGroup = D0118BC123FE799800E8E6DE /* Products */;
			projectDirPath = "";
			projectRoot = "";
			targets = (
				D0CE916823FF81B30032C186 /* day01 */,
				D0CE918B23FFA3EC0032C186 /* day02 */,
				D022EE9C2400DB7500B54E2F /* day03 */,
				D022EEB024012A3D00B54E2F /* day03-extend */,
				D022EED024016A4F00B54E2F /* day04 */,
				D08AB7202402D37D002FBB33 /* day04-class-factory */,
			);
		};
/* End PBXProject section */

/* Begin PBXSourcesBuildPhase section */
		D022EE992400DB7500B54E2F /* Sources */ = {
			isa = PBXSourcesBuildPhase;
			buildActionMask = 2147483647;
			files = (
				D022EEA92401052100B54E2F /* Person.m in Sources */,
				D022EEA62400F53F00B54E2F /* Gun.m in Sources */,
				D022EEAC24010FF500B54E2F /* IPhone.m in Sources */,
				D022EEA02400DB7500B54E2F /* main.m in Sources */,
			);
			runOnlyForDeploymentPostprocessing = 0;
		};
		D022EEAD24012A3D00B54E2F /* Sources */ = {
			isa = PBXSourcesBuildPhase;
			buildActionMask = 2147483647;
			files = (
				D022EEC6240148F800B54E2F /* Dog.m in Sources */,
				D022EEC024012A6900B54E2F /* AndroidPhone.m in Sources */,
				D022EECC2401546700B54E2F /* Person.m in Sources */,
				D022EEBA24012A4A00B54E2F /* Phone.m in Sources */,
				D022EEB424012A3D00B54E2F /* main.m in Sources */,
				D022EEC924014C2600B54E2F /* Animal.m in Sources */,
				D022EEBD24012A5800B54E2F /* IPhone.m in Sources */,
				D022EEC3240148EE00B54E2F /* Cat.m in Sources */,
			);
			runOnlyForDeploymentPostprocessing = 0;
		};
		D022EECD24016A4F00B54E2F /* Sources */ = {
			isa = PBXSourcesBuildPhase;
			buildActionMask = 2147483647;
			files = (
				D08AB71624028655002FBB33 /* Cat.m in Sources */,
				D08AB713240279CD002FBB33 /* Animal.m in Sources */,
				D08AB7192402BDD5002FBB33 /* Student.m in Sources */,
				D08AB710240269EB002FBB33 /* Person.m in Sources */,
				D022EED424016A4F00B54E2F /* main.m in Sources */,
			);
			runOnlyForDeploymentPostprocessing = 0;
		};
		D08AB71D2402D37D002FBB33 /* Sources */ = {
			isa = PBXSourcesBuildPhase;
			buildActionMask = 2147483647;
			files = (
				D08AB72A2402D389002FBB33 /* Person.m in Sources */,
				D08AB7242402D37D002FBB33 /* main.m in Sources */,
				D08AB72D2402D396002FBB33 /* Student.m in Sources */,
			);
			runOnlyForDeploymentPostprocessing = 0;
		};
		D0CE916523FF81B30032C186 /* Sources */ = {
			isa = PBXSourcesBuildPhase;
			buildActionMask = 2147483647;
			files = (
				D0CE918623FF82200032C186 /* test.c in Sources */,
				D0CE918723FF82200032C186 /* FirstClass.m in Sources */,
				D0CE918523FF82200032C186 /* main.m in Sources */,
				D0CE918423FF82200032C186 /* Person.m in Sources */,
			);
			runOnlyForDeploymentPostprocessing = 0;
		};
		D0CE918823FFA3EC0032C186 /* Sources */ = {
			isa = PBXSourcesBuildPhase;
			buildActionMask = 2147483647;
			files = (
				D0CE919E24000CE50032C186 /* Clip.m in Sources */,
				D0CE918F23FFA3EC0032C186 /* main.m in Sources */,
				D0CE919523FFDF180032C186 /* Student.m in Sources */,
				D0CE919B240003E10032C186 /* Gun.m in Sources */,
				D0CE9198240000890032C186 /* Soldier.m in Sources */,
				D0CE91A124000FE80032C186 /* Shop.m in Sources */,
				D0A4EF0524001A15007C3C7F /* MyClass.m in Sources */,
			);
			runOnlyForDeploymentPostprocessing = 0;
		};
/* End PBXSourcesBuildPhase section */

/* Begin XCBuildConfiguration section */
		D0118BC523FE799800E8E6DE /* Debug */ = {
			isa = XCBuildConfiguration;
			buildSettings = {
				ALWAYS_SEARCH_USER_PATHS = NO;
				CLANG_ANALYZER_NONNULL = YES;
				CLANG_ANALYZER_NUMBER_OBJECT_CONVERSION = YES_AGGRESSIVE;
				CLANG_CXX_LANGUAGE_STANDARD = "gnu++14";
				CLANG_CXX_LIBRARY = "libc++";
				CLANG_ENABLE_MODULES = YES;
				CLANG_ENABLE_OBJC_ARC = YES;
				CLANG_ENABLE_OBJC_WEAK = YES;
				CLANG_WARN_BLOCK_CAPTURE_AUTORELEASING = YES;
				CLANG_WARN_BOOL_CONVERSION = YES;
				CLANG_WARN_COMMA = YES;
				CLANG_WARN_CONSTANT_CONVERSION = YES;
				CLANG_WARN_DEPRECATED_OBJC_IMPLEMENTATIONS = YES;
				CLANG_WARN_DIRECT_OBJC_ISA_USAGE = YES_ERROR;
				CLANG_WARN_DOCUMENTATION_COMMENTS = YES;
				CLANG_WARN_EMPTY_BODY = YES;
				CLANG_WARN_ENUM_CONVERSION = YES;
				CLANG_WARN_INFINITE_RECURSION = YES;
				CLANG_WARN_INT_CONVERSION = YES;
				CLANG_WARN_NON_LITERAL_NULL_CONVERSION = YES;
				CLANG_WARN_OBJC_IMPLICIT_RETAIN_SELF = YES;
				CLANG_WARN_OBJC_LITERAL_CONVERSION = YES;
				CLANG_WARN_OBJC_ROOT_CLASS = YES_ERROR;
				CLANG_WARN_RANGE_LOOP_ANALYSIS = YES;
				CLANG_WARN_STRICT_PROTOTYPES = YES;
				CLANG_WARN_SUSPICIOUS_MOVE = YES;
				CLANG_WARN_UNGUARDED_AVAILABILITY = YES_AGGRESSIVE;
				CLANG_WARN_UNREACHABLE_CODE = YES;
				CLANG_WARN__DUPLICATE_METHOD_MATCH = YES;
				COPY_PHASE_STRIP = NO;
				DEBUG_INFORMATION_FORMAT = dwarf;
				ENABLE_STRICT_OBJC_MSGSEND = YES;
				ENABLE_TESTABILITY = YES;
				GCC_C_LANGUAGE_STANDARD = gnu11;
				GCC_DYNAMIC_NO_PIC = NO;
				GCC_NO_COMMON_BLOCKS = YES;
				GCC_OPTIMIZATION_LEVEL = 0;
				GCC_PREPROCESSOR_DEFINITIONS = (
					"DEBUG=1",
					"$(inherited)",
				);
				GCC_WARN_64_TO_32_BIT_CONVERSION = YES;
				GCC_WARN_ABOUT_RETURN_TYPE = YES_ERROR;
				GCC_WARN_UNDECLARED_SELECTOR = YES;
				GCC_WARN_UNINITIALIZED_AUTOS = YES_AGGRESSIVE;
				GCC_WARN_UNUSED_FUNCTION = YES;
				GCC_WARN_UNUSED_VARIABLE = YES;
				MACOSX_DEPLOYMENT_TARGET = 10.15;
				MTL_ENABLE_DEBUG_INFO = INCLUDE_SOURCE;
				MTL_FAST_MATH = YES;
				ONLY_ACTIVE_ARCH = YES;
				SDKROOT = macosx;
			};
			name = Debug;
		};
		D0118BC623FE799800E8E6DE /* Release */ = {
			isa = XCBuildConfiguration;
			buildSettings = {
				ALWAYS_SEARCH_USER_PATHS = NO;
				CLANG_ANALYZER_NONNULL = YES;
				CLANG_ANALYZER_NUMBER_OBJECT_CONVERSION = YES_AGGRESSIVE;
				CLANG_CXX_LANGUAGE_STANDARD = "gnu++14";
				CLANG_CXX_LIBRARY = "libc++";
				CLANG_ENABLE_MODULES = YES;
				CLANG_ENABLE_OBJC_ARC = YES;
				CLANG_ENABLE_OBJC_WEAK = YES;
				CLANG_WARN_BLOCK_CAPTURE_AUTORELEASING = YES;
				CLANG_WARN_BOOL_CONVERSION = YES;
				CLANG_WARN_COMMA = YES;
				CLANG_WARN_CONSTANT_CONVERSION = YES;
				CLANG_WARN_DEPRECATED_OBJC_IMPLEMENTATIONS = YES;
				CLANG_WARN_DIRECT_OBJC_ISA_USAGE = YES_ERROR;
				CLANG_WARN_DOCUMENTATION_COMMENTS = YES;
				CLANG_WARN_EMPTY_BODY = YES;
				CLANG_WARN_ENUM_CONVERSION = YES;
				CLANG_WARN_INFINITE_RECURSION = YES;
				CLANG_WARN_INT_CONVERSION = YES;
				CLANG_WARN_NON_LITERAL_NULL_CONVERSION = YES;
				CLANG_WARN_OBJC_IMPLICIT_RETAIN_SELF = YES;
				CLANG_WARN_OBJC_LITERAL_CONVERSION = YES;
				CLANG_WARN_OBJC_ROOT_CLASS = YES_ERROR;
				CLANG_WARN_RANGE_LOOP_ANALYSIS = YES;
				CLANG_WARN_STRICT_PROTOTYPES = YES;
				CLANG_WARN_SUSPICIOUS_MOVE = YES;
				CLANG_WARN_UNGUARDED_AVAILABILITY = YES_AGGRESSIVE;
				CLANG_WARN_UNREACHABLE_CODE = YES;
				CLANG_WARN__DUPLICATE_METHOD_MATCH = YES;
				COPY_PHASE_STRIP = NO;
				DEBUG_INFORMATION_FORMAT = "dwarf-with-dsym";
				ENABLE_NS_ASSERTIONS = NO;
				ENABLE_STRICT_OBJC_MSGSEND = YES;
				GCC_C_LANGUAGE_STANDARD = gnu11;
				GCC_NO_COMMON_BLOCKS = YES;
				GCC_WARN_64_TO_32_BIT_CONVERSION = YES;
				GCC_WARN_ABOUT_RETURN_TYPE = YES_ERROR;
				GCC_WARN_UNDECLARED_SELECTOR = YES;
				GCC_WARN_UNINITIALIZED_AUTOS = YES_AGGRESSIVE;
				GCC_WARN_UNUSED_FUNCTION = YES;
				GCC_WARN_UNUSED_VARIABLE = YES;
				MACOSX_DEPLOYMENT_TARGET = 10.15;
				MTL_ENABLE_DEBUG_INFO = NO;
				MTL_FAST_MATH = YES;
				SDKROOT = macosx;
			};
			name = Release;
		};
		D022EEA12400DB7500B54E2F /* Debug */ = {
			isa = XCBuildConfiguration;
			buildSettings = {
				CODE_SIGN_STYLE = Automatic;
				PRODUCT_NAME = "$(TARGET_NAME)";
			};
			name = Debug;
		};
		D022EEA22400DB7500B54E2F /* Release */ = {
			isa = XCBuildConfiguration;
			buildSettings = {
				CODE_SIGN_STYLE = Automatic;
				PRODUCT_NAME = "$(TARGET_NAME)";
			};
			name = Release;
		};
		D022EEB624012A3D00B54E2F /* Debug */ = {
			isa = XCBuildConfiguration;
			buildSettings = {
				CODE_SIGN_STYLE = Automatic;
				PRODUCT_NAME = "$(TARGET_NAME)";
			};
			name = Debug;
		};
		D022EEB724012A3D00B54E2F /* Release */ = {
			isa = XCBuildConfiguration;
			buildSettings = {
				CODE_SIGN_STYLE = Automatic;
				PRODUCT_NAME = "$(TARGET_NAME)";
			};
			name = Release;
		};
		D022EED524016A4F00B54E2F /* Debug */ = {
			isa = XCBuildConfiguration;
			buildSettings = {
				CODE_SIGN_STYLE = Automatic;
				PRODUCT_NAME = "$(TARGET_NAME)";
			};
			name = Debug;
		};
		D022EED624016A4F00B54E2F /* Release */ = {
			isa = XCBuildConfiguration;
			buildSettings = {
				CODE_SIGN_STYLE = Automatic;
				PRODUCT_NAME = "$(TARGET_NAME)";
			};
			name = Release;
		};
		D08AB7262402D37D002FBB33 /* Debug */ = {
			isa = XCBuildConfiguration;
			buildSettings = {
				CODE_SIGN_STYLE = Automatic;
				PRODUCT_NAME = "$(TARGET_NAME)";
			};
			name = Debug;
		};
		D08AB7272402D37D002FBB33 /* Release */ = {
			isa = XCBuildConfiguration;
			buildSettings = {
				CODE_SIGN_STYLE = Automatic;
				PRODUCT_NAME = "$(TARGET_NAME)";
			};
			name = Release;
		};
		D0CE916E23FF81B30032C186 /* Debug */ = {
			isa = XCBuildConfiguration;
			buildSettings = {
				CODE_SIGN_STYLE = Automatic;
				PRODUCT_NAME = "$(TARGET_NAME)";
			};
			name = Debug;
		};
		D0CE916F23FF81B30032C186 /* Release */ = {
			isa = XCBuildConfiguration;
			buildSettings = {
				CODE_SIGN_STYLE = Automatic;
				PRODUCT_NAME = "$(TARGET_NAME)";
			};
			name = Release;
		};
		D0CE919023FFA3EC0032C186 /* Debug */ = {
			isa = XCBuildConfiguration;
			buildSettings = {
				CODE_SIGN_STYLE = Automatic;
				PRODUCT_NAME = "$(TARGET_NAME)";
			};
			name = Debug;
		};
		D0CE919123FFA3EC0032C186 /* Release */ = {
			isa = XCBuildConfiguration;
			buildSettings = {
				CODE_SIGN_STYLE = Automatic;
				PRODUCT_NAME = "$(TARGET_NAME)";
			};
			name = Release;
		};
/* End XCBuildConfiguration section */

/* Begin XCConfigurationList section */
		D0118BBB23FE799800E8E6DE /* Build configuration list for PBXProject "ios-xiaomage-01-oc" */ = {
			isa = XCConfigurationList;
			buildConfigurations = (
				D0118BC523FE799800E8E6DE /* Debug */,
				D0118BC623FE799800E8E6DE /* Release */,
			);
			defaultConfigurationIsVisible = 0;
			defaultConfigurationName = Release;
		};
		D022EEA32400DB7500B54E2F /* Build configuration list for PBXNativeTarget "day03" */ = {
			isa = XCConfigurationList;
			buildConfigurations = (
				D022EEA12400DB7500B54E2F /* Debug */,
				D022EEA22400DB7500B54E2F /* Release */,
			);
			defaultConfigurationIsVisible = 0;
			defaultConfigurationName = Release;
		};
		D022EEB524012A3D00B54E2F /* Build configuration list for PBXNativeTarget "day03-extend" */ = {
			isa = XCConfigurationList;
			buildConfigurations = (
				D022EEB624012A3D00B54E2F /* Debug */,
				D022EEB724012A3D00B54E2F /* Release */,
			);
			defaultConfigurationIsVisible = 0;
			defaultConfigurationName = Release;
		};
		D022EED724016A4F00B54E2F /* Build configuration list for PBXNativeTarget "day04" */ = {
			isa = XCConfigurationList;
			buildConfigurations = (
				D022EED524016A4F00B54E2F /* Debug */,
				D022EED624016A4F00B54E2F /* Release */,
			);
			defaultConfigurationIsVisible = 0;
			defaultConfigurationName = Release;
		};
		D08AB7252402D37D002FBB33 /* Build configuration list for PBXNativeTarget "day04-class-factory" */ = {
			isa = XCConfigurationList;
			buildConfigurations = (
				D08AB7262402D37D002FBB33 /* Debug */,
				D08AB7272402D37D002FBB33 /* Release */,
			);
			defaultConfigurationIsVisible = 0;
			defaultConfigurationName = Release;
		};
		D0CE916D23FF81B30032C186 /* Build configuration list for PBXNativeTarget "day01" */ = {
			isa = XCConfigurationList;
			buildConfigurations = (
				D0CE916E23FF81B30032C186 /* Debug */,
				D0CE916F23FF81B30032C186 /* Release */,
			);
			defaultConfigurationIsVisible = 0;
			defaultConfigurationName = Release;
		};
		D0CE919223FFA3EC0032C186 /* Build configuration list for PBXNativeTarget "day02" */ = {
			isa = XCConfigurationList;
			buildConfigurations = (
				D0CE919023FFA3EC0032C186 /* Debug */,
				D0CE919123FFA3EC0032C186 /* Release */,
			);
			defaultConfigurationIsVisible = 0;
			defaultConfigurationName = Release;
		};
/* End XCConfigurationList section */
	};
	rootObject = D0118BB823FE799800E8E6DE /* Project object */;
}
